// !$*UTF8*$!
{
	archiveVersion = 1;
	classes = {
	};
	objectVersion = 56;
	objects = {

/* Begin PBXBuildFile section */
		FD225FBA2941AEAC000A227A /* CategoryCollectionViewCell.swift in Sources */ = {isa = PBXBuildFile; fileRef = FD225FB92941AEAC000A227A /* CategoryCollectionViewCell.swift */; };
		FD225FBC2941F2ED000A227A /* CategoryItem.swift in Sources */ = {isa = PBXBuildFile; fileRef = FD225FBB2941F2ED000A227A /* CategoryItem.swift */; };
		FD6E3A9F29424F1F00D39DCC /* Category.swift in Sources */ = {isa = PBXBuildFile; fileRef = FD6E3A9E29424F1F00D39DCC /* Category.swift */; };
		FD6E3AA129425C9500D39DCC /* FilterViewController.swift in Sources */ = {isa = PBXBuildFile; fileRef = FD6E3AA029425C9500D39DCC /* FilterViewController.swift */; };
		FD847A382940F5BB00CAD4B7 /* HotSalesCollectionViewCell.swift in Sources */ = {isa = PBXBuildFile; fileRef = FD847A372940F5BB00CAD4B7 /* HotSalesCollectionViewCell.swift */; };
		FD847A3A2940FBD100CAD4B7 /* BestSellerCollectionViewCell.swift in Sources */ = {isa = PBXBuildFile; fileRef = FD847A392940FBD100CAD4B7 /* BestSellerCollectionViewCell.swift */; };
		FDBF6ECC29405B1D00001A3A /* BestSellerCollectionView.swift in Sources */ = {isa = PBXBuildFile; fileRef = FDBF6ECB29405B1D00001A3A /* BestSellerCollectionView.swift */; };
		FDBF6ED02940D23900001A3A /* NetworkService.swift in Sources */ = {isa = PBXBuildFile; fileRef = FDBF6ECF2940D23900001A3A /* NetworkService.swift */; };
		FDBF6ED22940D25900001A3A /* NetworkDataFetcher.swift in Sources */ = {isa = PBXBuildFile; fileRef = FDBF6ED12940D25900001A3A /* NetworkDataFetcher.swift */; };
		FDBF6ED52940D2FE00001A3A /* ResultData.swift in Sources */ = {isa = PBXBuildFile; fileRef = FDBF6ED42940D2FE00001A3A /* ResultData.swift */; };
		FDBF6ED72940D31500001A3A /* BestSeller.swift in Sources */ = {isa = PBXBuildFile; fileRef = FDBF6ED62940D31500001A3A /* BestSeller.swift */; };
		FDBF6ED92940D33600001A3A /* HomeStore.swift in Sources */ = {isa = PBXBuildFile; fileRef = FDBF6ED82940D33600001A3A /* HomeStore.swift */; };
		FDC494C4293F0895009ECAB4 /* AppDelegate.swift in Sources */ = {isa = PBXBuildFile; fileRef = FDC494C3293F0895009ECAB4 /* AppDelegate.swift */; };
		FDC494C6293F0895009ECAB4 /* SceneDelegate.swift in Sources */ = {isa = PBXBuildFile; fileRef = FDC494C5293F0895009ECAB4 /* SceneDelegate.swift */; };
		FDC494C8293F0895009ECAB4 /* ViewController.swift in Sources */ = {isa = PBXBuildFile; fileRef = FDC494C7293F0895009ECAB4 /* ViewController.swift */; };
		FDC494CD293F0896009ECAB4 /* Assets.xcassets in Resources */ = {isa = PBXBuildFile; fileRef = FDC494CC293F0896009ECAB4 /* Assets.xcassets */; };
		FDC494D0293F0896009ECAB4 /* LaunchScreen.storyboard in Resources */ = {isa = PBXBuildFile; fileRef = FDC494CE293F0896009ECAB4 /* LaunchScreen.storyboard */; };
		FDC494D9293F0900009ECAB4 /* SDWebImage in Frameworks */ = {isa = PBXBuildFile; productRef = FDC494D8293F0900009ECAB4 /* SDWebImage */; };
		FDD8241F293FABAC00DBF4CB /* TabBarController.swift in Sources */ = {isa = PBXBuildFile; fileRef = FDD8241E293FABAC00DBF4CB /* TabBarController.swift */; };
		FDD82422293FABE800DBF4CB /* TabBar.swift in Sources */ = {isa = PBXBuildFile; fileRef = FDD82421293FABE800DBF4CB /* TabBar.swift */; };
		FDD82425293FAC5C00DBF4CB /* RxCocoa in Frameworks */ = {isa = PBXBuildFile; productRef = FDD82424293FAC5C00DBF4CB /* RxCocoa */; };
		FDD82427293FAC5C00DBF4CB /* RxRelay in Frameworks */ = {isa = PBXBuildFile; productRef = FDD82426293FAC5C00DBF4CB /* RxRelay */; };
		FDD82429293FAC5C00DBF4CB /* RxSwift in Frameworks */ = {isa = PBXBuildFile; productRef = FDD82428293FAC5C00DBF4CB /* RxSwift */; };
		FDD8242C293FAC7A00DBF4CB /* RxGesture in Frameworks */ = {isa = PBXBuildFile; productRef = FDD8242B293FAC7A00DBF4CB /* RxGesture */; };
		FDD8242E293FACC100DBF4CB /* TabItemView.swift in Sources */ = {isa = PBXBuildFile; fileRef = FDD8242D293FACC100DBF4CB /* TabItemView.swift */; };
		FDD82430293FAD0E00DBF4CB /* TabItem.swift in Sources */ = {isa = PBXBuildFile; fileRef = FDD8242F293FAD0E00DBF4CB /* TabItem.swift */; };
		FDD82432293FAE0600DBF4CB /* Extentions.swift in Sources */ = {isa = PBXBuildFile; fileRef = FDD82431293FAE0600DBF4CB /* Extentions.swift */; };
		FDD82439293FBF2E00DBF4CB /* ExplorerViewController.swift in Sources */ = {isa = PBXBuildFile; fileRef = FDD82438293FBF2E00DBF4CB /* ExplorerViewController.swift */; };
		FDD8243C293FBF8600DBF4CB /* CategoryCollectionView.swift in Sources */ = {isa = PBXBuildFile; fileRef = FDD8243B293FBF8600DBF4CB /* CategoryCollectionView.swift */; };
		FDD8243F293FCB2400DBF4CB /* UIFont+Extention.swift in Sources */ = {isa = PBXBuildFile; fileRef = FDD8243E293FCB2400DBF4CB /* UIFont+Extention.swift */; };
		FDD82441293FCB8800DBF4CB /* Mark-Pro.ttf in Resources */ = {isa = PBXBuildFile; fileRef = FDD8243D293FCAE200DBF4CB /* Mark-Pro.ttf */; };
		FDD82444293FD53100DBF4CB /* AppTextField.swift in Sources */ = {isa = PBXBuildFile; fileRef = FDD82443293FD53100DBF4CB /* AppTextField.swift */; };
		FDD82446293FD72000DBF4CB /* UIColor+Extention.swift in Sources */ = {isa = PBXBuildFile; fileRef = FDD82445293FD72000DBF4CB /* UIColor+Extention.swift */; };
		FDD82448293FDAA400DBF4CB /* HotSalesCollectionView.swift in Sources */ = {isa = PBXBuildFile; fileRef = FDD82447293FDAA400DBF4CB /* HotSalesCollectionView.swift */; };
		FDED9E31293F0A48004DD07B /* SnapKit in Frameworks */ = {isa = PBXBuildFile; productRef = FDED9E30293F0A48004DD07B /* SnapKit */; };
/* End PBXBuildFile section */

/* Begin PBXFileReference section */
		FD225FB92941AEAC000A227A /* CategoryCollectionViewCell.swift */ = {isa = PBXFileReference; lastKnownFileType = sourcecode.swift; path = CategoryCollectionViewCell.swift; sourceTree = "<group>"; };
		FD225FBB2941F2ED000A227A /* CategoryItem.swift */ = {isa = PBXFileReference; lastKnownFileType = sourcecode.swift; path = CategoryItem.swift; sourceTree = "<group>"; };
		FD6E3A9E29424F1F00D39DCC /* Category.swift */ = {isa = PBXFileReference; lastKnownFileType = sourcecode.swift; path = Category.swift; sourceTree = "<group>"; };
		FD6E3AA029425C9500D39DCC /* FilterViewController.swift */ = {isa = PBXFileReference; lastKnownFileType = sourcecode.swift; path = FilterViewController.swift; sourceTree = "<group>"; };
		FD847A372940F5BB00CAD4B7 /* HotSalesCollectionViewCell.swift */ = {isa = PBXFileReference; lastKnownFileType = sourcecode.swift; path = HotSalesCollectionViewCell.swift; sourceTree = "<group>"; };
		FD847A392940FBD100CAD4B7 /* BestSellerCollectionViewCell.swift */ = {isa = PBXFileReference; lastKnownFileType = sourcecode.swift; path = BestSellerCollectionViewCell.swift; sourceTree = "<group>"; };
		FDBF6ECB29405B1D00001A3A /* BestSellerCollectionView.swift */ = {isa = PBXFileReference; lastKnownFileType = sourcecode.swift; path = BestSellerCollectionView.swift; sourceTree = "<group>"; };
		FDBF6ECF2940D23900001A3A /* NetworkService.swift */ = {isa = PBXFileReference; lastKnownFileType = sourcecode.swift; path = NetworkService.swift; sourceTree = "<group>"; };
		FDBF6ED12940D25900001A3A /* NetworkDataFetcher.swift */ = {isa = PBXFileReference; lastKnownFileType = sourcecode.swift; path = NetworkDataFetcher.swift; sourceTree = "<group>"; };
		FDBF6ED42940D2FE00001A3A /* ResultData.swift */ = {isa = PBXFileReference; lastKnownFileType = sourcecode.swift; path = ResultData.swift; sourceTree = "<group>"; };
		FDBF6ED62940D31500001A3A /* BestSeller.swift */ = {isa = PBXFileReference; lastKnownFileType = sourcecode.swift; path = BestSeller.swift; sourceTree = "<group>"; };
		FDBF6ED82940D33600001A3A /* HomeStore.swift */ = {isa = PBXFileReference; lastKnownFileType = sourcecode.swift; path = HomeStore.swift; sourceTree = "<group>"; };
		FDC494C0293F0895009ECAB4 /* Effective Mobile test.app */ = {isa = PBXFileReference; explicitFileType = wrapper.application; includeInIndex = 0; path = "Effective Mobile test.app"; sourceTree = BUILT_PRODUCTS_DIR; };
		FDC494C3293F0895009ECAB4 /* AppDelegate.swift */ = {isa = PBXFileReference; lastKnownFileType = sourcecode.swift; path = AppDelegate.swift; sourceTree = "<group>"; };
		FDC494C5293F0895009ECAB4 /* SceneDelegate.swift */ = {isa = PBXFileReference; lastKnownFileType = sourcecode.swift; path = SceneDelegate.swift; sourceTree = "<group>"; };
		FDC494C7293F0895009ECAB4 /* ViewController.swift */ = {isa = PBXFileReference; lastKnownFileType = sourcecode.swift; path = ViewController.swift; sourceTree = "<group>"; };
		FDC494CC293F0896009ECAB4 /* Assets.xcassets */ = {isa = PBXFileReference; lastKnownFileType = folder.assetcatalog; path = Assets.xcassets; sourceTree = "<group>"; };
		FDC494CF293F0896009ECAB4 /* Base */ = {isa = PBXFileReference; lastKnownFileType = file.storyboard; name = Base; path = Base.lproj/LaunchScreen.storyboard; sourceTree = "<group>"; };
		FDC494D1293F0896009ECAB4 /* Info.plist */ = {isa = PBXFileReference; lastKnownFileType = text.plist.xml; path = Info.plist; sourceTree = "<group>"; };
		FDD8241E293FABAC00DBF4CB /* TabBarController.swift */ = {isa = PBXFileReference; lastKnownFileType = sourcecode.swift; path = TabBarController.swift; sourceTree = "<group>"; };
		FDD82421293FABE800DBF4CB /* TabBar.swift */ = {isa = PBXFileReference; lastKnownFileType = sourcecode.swift; path = TabBar.swift; sourceTree = "<group>"; };
		FDD8242D293FACC100DBF4CB /* TabItemView.swift */ = {isa = PBXFileReference; lastKnownFileType = sourcecode.swift; path = TabItemView.swift; sourceTree = "<group>"; };
		FDD8242F293FAD0E00DBF4CB /* TabItem.swift */ = {isa = PBXFileReference; lastKnownFileType = sourcecode.swift; path = TabItem.swift; sourceTree = "<group>"; };
		FDD82431293FAE0600DBF4CB /* Extentions.swift */ = {isa = PBXFileReference; lastKnownFileType = sourcecode.swift; path = Extentions.swift; sourceTree = "<group>"; };
		FDD82438293FBF2E00DBF4CB /* ExplorerViewController.swift */ = {isa = PBXFileReference; lastKnownFileType = sourcecode.swift; path = ExplorerViewController.swift; sourceTree = "<group>"; };
		FDD8243B293FBF8600DBF4CB /* CategoryCollectionView.swift */ = {isa = PBXFileReference; fileEncoding = 4; lastKnownFileType = sourcecode.swift; path = CategoryCollectionView.swift; sourceTree = "<group>"; };
		FDD8243D293FCAE200DBF4CB /* Mark-Pro.ttf */ = {isa = PBXFileReference; lastKnownFileType = file; path = "Mark-Pro.ttf"; sourceTree = "<group>"; };
		FDD8243E293FCB2400DBF4CB /* UIFont+Extention.swift */ = {isa = PBXFileReference; fileEncoding = 4; lastKnownFileType = sourcecode.swift; path = "UIFont+Extention.swift"; sourceTree = "<group>"; };
		FDD82443293FD53100DBF4CB /* AppTextField.swift */ = {isa = PBXFileReference; lastKnownFileType = sourcecode.swift; path = AppTextField.swift; sourceTree = "<group>"; };
		FDD82445293FD72000DBF4CB /* UIColor+Extention.swift */ = {isa = PBXFileReference; lastKnownFileType = sourcecode.swift; path = "UIColor+Extention.swift"; sourceTree = "<group>"; };
		FDD82447293FDAA400DBF4CB /* HotSalesCollectionView.swift */ = {isa = PBXFileReference; lastKnownFileType = sourcecode.swift; path = HotSalesCollectionView.swift; sourceTree = "<group>"; };
/* End PBXFileReference section */

/* Begin PBXFrameworksBuildPhase section */
		FDC494BD293F0895009ECAB4 /* Frameworks */ = {
			isa = PBXFrameworksBuildPhase;
			buildActionMask = 2147483647;
			files = (
				FDD82425293FAC5C00DBF4CB /* RxCocoa in Frameworks */,
				FDC494D9293F0900009ECAB4 /* SDWebImage in Frameworks */,
				FDD82429293FAC5C00DBF4CB /* RxSwift in Frameworks */,
				FDD82427293FAC5C00DBF4CB /* RxRelay in Frameworks */,
				FDD8242C293FAC7A00DBF4CB /* RxGesture in Frameworks */,
				FDED9E31293F0A48004DD07B /* SnapKit in Frameworks */,
			);
			runOnlyForDeploymentPostprocessing = 0;
		};
/* End PBXFrameworksBuildPhase section */

/* Begin PBXGroup section */
		FD847A362940F59D00CAD4B7 /* Cells */ = {
			isa = PBXGroup;
			children = (
				FD847A372940F5BB00CAD4B7 /* HotSalesCollectionViewCell.swift */,
				FD847A392940FBD100CAD4B7 /* BestSellerCollectionViewCell.swift */,
				FD225FB92941AEAC000A227A /* CategoryCollectionViewCell.swift */,
				FD225FBB2941F2ED000A227A /* CategoryItem.swift */,
				FD6E3A9E29424F1F00D39DCC /* Category.swift */,
			);
			path = Cells;
			sourceTree = "<group>";
		};
		FDBF6ECD2940D1F400001A3A /* Extentions */ = {
			isa = PBXGroup;
			children = (
				FDD82431293FAE0600DBF4CB /* Extentions.swift */,
				FDD8243E293FCB2400DBF4CB /* UIFont+Extention.swift */,
				FDD82445293FD72000DBF4CB /* UIColor+Extention.swift */,
			);
			path = Extentions;
			sourceTree = "<group>";
		};
		FDBF6ECE2940D21F00001A3A /* Service */ = {
			isa = PBXGroup;
			children = (
				FDBF6ECF2940D23900001A3A /* NetworkService.swift */,
				FDBF6ED12940D25900001A3A /* NetworkDataFetcher.swift */,
			);
			path = Service;
			sourceTree = "<group>";
		};
		FDBF6ED32940D27E00001A3A /* DataModels */ = {
			isa = PBXGroup;
			children = (
				FDBF6ED42940D2FE00001A3A /* ResultData.swift */,
				FDBF6ED62940D31500001A3A /* BestSeller.swift */,
				FDBF6ED82940D33600001A3A /* HomeStore.swift */,
			);
			path = DataModels;
			sourceTree = "<group>";
		};
		FDC494B7293F0895009ECAB4 = {
			isa = PBXGroup;
			children = (
				FDC494C2293F0895009ECAB4 /* Effective Mobile test */,
				FDC494C1293F0895009ECAB4 /* Products */,
			);
			sourceTree = "<group>";
		};
		FDC494C1293F0895009ECAB4 /* Products */ = {
			isa = PBXGroup;
			children = (
				FDC494C0293F0895009ECAB4 /* Effective Mobile test.app */,
			);
			name = Products;
			sourceTree = "<group>";
		};
		FDC494C2293F0895009ECAB4 /* Effective Mobile test */ = {
			isa = PBXGroup;
			children = (
				FDBF6ECD2940D1F400001A3A /* Extentions */,
				FDD82442293FD50900DBF4CB /* CommonUI */,
				FD847A362940F59D00CAD4B7 /* Cells */,
				FDD8243A293FBF7100DBF4CB /* Views */,
				FDD8241D293FAB3900DBF4CB /* TabBarController */,
				FDBF6ECE2940D21F00001A3A /* Service */,
				FDBF6ED32940D27E00001A3A /* DataModels */,
				FDC494C3293F0895009ECAB4 /* AppDelegate.swift */,
				FDC494C5293F0895009ECAB4 /* SceneDelegate.swift */,
				FDC494C7293F0895009ECAB4 /* ViewController.swift */,
				FDC494CC293F0896009ECAB4 /* Assets.xcassets */,
				FDC494CE293F0896009ECAB4 /* LaunchScreen.storyboard */,
				FDC494D1293F0896009ECAB4 /* Info.plist */,
				FDD8243D293FCAE200DBF4CB /* Mark-Pro.ttf */,
			);
			path = "Effective Mobile test";
			sourceTree = "<group>";
		};
		FDD8241D293FAB3900DBF4CB /* TabBarController */ = {
			isa = PBXGroup;
			children = (
				FDD8241E293FABAC00DBF4CB /* TabBarController.swift */,
				FDD82438293FBF2E00DBF4CB /* ExplorerViewController.swift */,
				FD6E3AA029425C9500D39DCC /* FilterViewController.swift */,
				FDD82421293FABE800DBF4CB /* TabBar.swift */,
				FDD8242D293FACC100DBF4CB /* TabItemView.swift */,
				FDD8242F293FAD0E00DBF4CB /* TabItem.swift */,
			);
			path = TabBarController;
			sourceTree = "<group>";
		};
		FDD8243A293FBF7100DBF4CB /* Views */ = {
			isa = PBXGroup;
			children = (
				FDD8243B293FBF8600DBF4CB /* CategoryCollectionView.swift */,
				FDD82447293FDAA400DBF4CB /* HotSalesCollectionView.swift */,
				FDBF6ECB29405B1D00001A3A /* BestSellerCollectionView.swift */,
			);
			path = Views;
			sourceTree = "<group>";
		};
		FDD82442293FD50900DBF4CB /* CommonUI */ = {
			isa = PBXGroup;
			children = (
				FDD82443293FD53100DBF4CB /* AppTextField.swift */,
			);
			path = CommonUI;
			sourceTree = "<group>";
		};
/* End PBXGroup section */

/* Begin PBXNativeTarget section */
		FDC494BF293F0895009ECAB4 /* Effective Mobile test */ = {
			isa = PBXNativeTarget;
			buildConfigurationList = FDC494D4293F0896009ECAB4 /* Build configuration list for PBXNativeTarget "Effective Mobile test" */;
			buildPhases = (
				FDC494BC293F0895009ECAB4 /* Sources */,
				FDC494BD293F0895009ECAB4 /* Frameworks */,
				FDC494BE293F0895009ECAB4 /* Resources */,
			);
			buildRules = (
			);
			dependencies = (
			);
			name = "Effective Mobile test";
			packageProductDependencies = (
				FDC494D8293F0900009ECAB4 /* SDWebImage */,
				FDED9E30293F0A48004DD07B /* SnapKit */,
				FDD82424293FAC5C00DBF4CB /* RxCocoa */,
				FDD82426293FAC5C00DBF4CB /* RxRelay */,
				FDD82428293FAC5C00DBF4CB /* RxSwift */,
				FDD8242B293FAC7A00DBF4CB /* RxGesture */,
			);
			productName = "Effective Mobile test";
			productReference = FDC494C0293F0895009ECAB4 /* Effective Mobile test.app */;
			productType = "com.apple.product-type.application";
		};
/* End PBXNativeTarget section */

/* Begin PBXProject section */
		FDC494B8293F0895009ECAB4 /* Project object */ = {
			isa = PBXProject;
			attributes = {
				BuildIndependentTargetsInParallel = 1;
				LastSwiftUpdateCheck = 1400;
				LastUpgradeCheck = 1400;
				TargetAttributes = {
					FDC494BF293F0895009ECAB4 = {
						CreatedOnToolsVersion = 14.0;
					};
				};
			};
			buildConfigurationList = FDC494BB293F0895009ECAB4 /* Build configuration list for PBXProject "Effective Mobile test" */;
			compatibilityVersion = "Xcode 14.0";
			developmentRegion = en;
			hasScannedForEncodings = 0;
			knownRegions = (
				en,
				Base,
			);
			mainGroup = FDC494B7293F0895009ECAB4;
			packageReferences = (
				FDC494D7293F0900009ECAB4 /* XCRemoteSwiftPackageReference "SDWebImage" */,
				FDED9E2F293F0A48004DD07B /* XCRemoteSwiftPackageReference "SnapKit" */,
				FDD82423293FAC5C00DBF4CB /* XCRemoteSwiftPackageReference "RxSwift" */,
				FDD8242A293FAC7A00DBF4CB /* XCRemoteSwiftPackageReference "RxGesture" */,
			);
			productRefGroup = FDC494C1293F0895009ECAB4 /* Products */;
			projectDirPath = "";
			projectRoot = "";
			targets = (
				FDC494BF293F0895009ECAB4 /* Effective Mobile test */,
			);
		};
/* End PBXProject section */

/* Begin PBXResourcesBuildPhase section */
		FDC494BE293F0895009ECAB4 /* Resources */ = {
			isa = PBXResourcesBuildPhase;
			buildActionMask = 2147483647;
			files = (
				FDD82441293FCB8800DBF4CB /* Mark-Pro.ttf in Resources */,
				FDC494D0293F0896009ECAB4 /* LaunchScreen.storyboard in Resources */,
				FDC494CD293F0896009ECAB4 /* Assets.xcassets in Resources */,
			);
			runOnlyForDeploymentPostprocessing = 0;
		};
/* End PBXResourcesBuildPhase section */

/* Begin PBXSourcesBuildPhase section */
		FDC494BC293F0895009ECAB4 /* Sources */ = {
			isa = PBXSourcesBuildPhase;
			buildActionMask = 2147483647;
			files = (
				FDD8243C293FBF8600DBF4CB /* CategoryCollectionView.swift in Sources */,
				FDD82448293FDAA400DBF4CB /* HotSalesCollectionView.swift in Sources */,
				FD847A382940F5BB00CAD4B7 /* HotSalesCollectionViewCell.swift in Sources */,
				FDD82432293FAE0600DBF4CB /* Extentions.swift in Sources */,
				FDC494C8293F0895009ECAB4 /* ViewController.swift in Sources */,
				FDD8241F293FABAC00DBF4CB /* TabBarController.swift in Sources */,
				FDBF6ECC29405B1D00001A3A /* BestSellerCollectionView.swift in Sources */,
				FDBF6ED72940D31500001A3A /* BestSeller.swift in Sources */,
				FDC494C4293F0895009ECAB4 /* AppDelegate.swift in Sources */,
				FDBF6ED52940D2FE00001A3A /* ResultData.swift in Sources */,
				FD225FBC2941F2ED000A227A /* CategoryItem.swift in Sources */,
				FDD82430293FAD0E00DBF4CB /* TabItem.swift in Sources */,
				FDD8242E293FACC100DBF4CB /* TabItemView.swift in Sources */,
				FDBF6ED22940D25900001A3A /* NetworkDataFetcher.swift in Sources */,
				FD847A3A2940FBD100CAD4B7 /* BestSellerCollectionViewCell.swift in Sources */,
				FDC494C6293F0895009ECAB4 /* SceneDelegate.swift in Sources */,
				FD6E3A9F29424F1F00D39DCC /* Category.swift in Sources */,
				FDBF6ED02940D23900001A3A /* NetworkService.swift in Sources */,
				FD225FBA2941AEAC000A227A /* CategoryCollectionViewCell.swift in Sources */,
				FDD82439293FBF2E00DBF4CB /* ExplorerViewController.swift in Sources */,
				FD6E3AA129425C9500D39DCC /* FilterViewController.swift in Sources */,
				FDD82446293FD72000DBF4CB /* UIColor+Extention.swift in Sources */,
				FDBF6ED92940D33600001A3A /* HomeStore.swift in Sources */,
				FDD82422293FABE800DBF4CB /* TabBar.swift in Sources */,
				FDD8243F293FCB2400DBF4CB /* UIFont+Extention.swift in Sources */,
				FDD82444293FD53100DBF4CB /* AppTextField.swift in Sources */,
			);
			runOnlyForDeploymentPostprocessing = 0;
		};
/* End PBXSourcesBuildPhase section */

/* Begin PBXVariantGroup section */
		FDC494CE293F0896009ECAB4 /* LaunchScreen.storyboard */ = {
			isa = PBXVariantGroup;
			children = (
				FDC494CF293F0896009ECAB4 /* Base */,
			);
			name = LaunchScreen.storyboard;
			sourceTree = "<group>";
		};
/* End PBXVariantGroup section */

/* Begin XCBuildConfiguration section */
		FDC494D2293F0896009ECAB4 /* Debug */ = {
			isa = XCBuildConfiguration;
			buildSettings = {
				ALWAYS_SEARCH_USER_PATHS = NO;
				CLANG_ANALYZER_NONNULL = YES;
				CLANG_ANALYZER_NUMBER_OBJECT_CONVERSION = YES_AGGRESSIVE;
				CLANG_CXX_LANGUAGE_STANDARD = "gnu++20";
				CLANG_ENABLE_MODULES = YES;
				CLANG_ENABLE_OBJC_ARC = YES;
				CLANG_ENABLE_OBJC_WEAK = YES;
				CLANG_WARN_BLOCK_CAPTURE_AUTORELEASING = YES;
				CLANG_WARN_BOOL_CONVERSION = YES;
				CLANG_WARN_COMMA = YES;
				CLANG_WARN_CONSTANT_CONVERSION = YES;
				CLANG_WARN_DEPRECATED_OBJC_IMPLEMENTATIONS = YES;
				CLANG_WARN_DIRECT_OBJC_ISA_USAGE = YES_ERROR;
				CLANG_WARN_DOCUMENTATION_COMMENTS = YES;
				CLANG_WARN_EMPTY_BODY = YES;
				CLANG_WARN_ENUM_CONVERSION = YES;
				CLANG_WARN_INFINITE_RECURSION = YES;
				CLANG_WARN_INT_CONVERSION = YES;
				CLANG_WARN_NON_LITERAL_NULL_CONVERSION = YES;
				CLANG_WARN_OBJC_IMPLICIT_RETAIN_SELF = YES;
				CLANG_WARN_OBJC_LITERAL_CONVERSION = YES;
				CLANG_WARN_OBJC_ROOT_CLASS = YES_ERROR;
				CLANG_WARN_QUOTED_INCLUDE_IN_FRAMEWORK_HEADER = YES;
				CLANG_WARN_RANGE_LOOP_ANALYSIS = YES;
				CLANG_WARN_STRICT_PROTOTYPES = YES;
				CLANG_WARN_SUSPICIOUS_MOVE = YES;
				CLANG_WARN_UNGUARDED_AVAILABILITY = YES_AGGRESSIVE;
				CLANG_WARN_UNREACHABLE_CODE = YES;
				CLANG_WARN__DUPLICATE_METHOD_MATCH = YES;
				COPY_PHASE_STRIP = NO;
				DEBUG_INFORMATION_FORMAT = dwarf;
				ENABLE_STRICT_OBJC_MSGSEND = YES;
				ENABLE_TESTABILITY = YES;
				GCC_C_LANGUAGE_STANDARD = gnu11;
				GCC_DYNAMIC_NO_PIC = NO;
				GCC_NO_COMMON_BLOCKS = YES;
				GCC_OPTIMIZATION_LEVEL = 0;
				GCC_PREPROCESSOR_DEFINITIONS = (
					"DEBUG=1",
					"$(inherited)",
				);
				GCC_WARN_64_TO_32_BIT_CONVERSION = YES;
				GCC_WARN_ABOUT_RETURN_TYPE = YES_ERROR;
				GCC_WARN_UNDECLARED_SELECTOR = YES;
				GCC_WARN_UNINITIALIZED_AUTOS = YES_AGGRESSIVE;
				GCC_WARN_UNUSED_FUNCTION = YES;
				GCC_WARN_UNUSED_VARIABLE = YES;
				IPHONEOS_DEPLOYMENT_TARGET = 13.0;
				MTL_ENABLE_DEBUG_INFO = INCLUDE_SOURCE;
				MTL_FAST_MATH = YES;
				ONLY_ACTIVE_ARCH = YES;
				SDKROOT = iphoneos;
				SWIFT_ACTIVE_COMPILATION_CONDITIONS = DEBUG;
				SWIFT_OPTIMIZATION_LEVEL = "-Onone";
			};
			name = Debug;
		};
		FDC494D3293F0896009ECAB4 /* Release */ = {
			isa = XCBuildConfiguration;
			buildSettings = {
				ALWAYS_SEARCH_USER_PATHS = NO;
				CLANG_ANALYZER_NONNULL = YES;
				CLANG_ANALYZER_NUMBER_OBJECT_CONVERSION = YES_AGGRESSIVE;
				CLANG_CXX_LANGUAGE_STANDARD = "gnu++20";
				CLANG_ENABLE_MODULES = YES;
				CLANG_ENABLE_OBJC_ARC = YES;
				CLANG_ENABLE_OBJC_WEAK = YES;
				CLANG_WARN_BLOCK_CAPTURE_AUTORELEASING = YES;
				CLANG_WARN_BOOL_CONVERSION = YES;
				CLANG_WARN_COMMA = YES;
				CLANG_WARN_CONSTANT_CONVERSION = YES;
				CLANG_WARN_DEPRECATED_OBJC_IMPLEMENTATIONS = YES;
				CLANG_WARN_DIRECT_OBJC_ISA_USAGE = YES_ERROR;
				CLANG_WARN_DOCUMENTATION_COMMENTS = YES;
				CLANG_WARN_EMPTY_BODY = YES;
				CLANG_WARN_ENUM_CONVERSION = YES;
				CLANG_WARN_INFINITE_RECURSION = YES;
				CLANG_WARN_INT_CONVERSION = YES;
				CLANG_WARN_NON_LITERAL_NULL_CONVERSION = YES;
				CLANG_WARN_OBJC_IMPLICIT_RETAIN_SELF = YES;
				CLANG_WARN_OBJC_LITERAL_CONVERSION = YES;
				CLANG_WARN_OBJC_ROOT_CLASS = YES_ERROR;
				CLANG_WARN_QUOTED_INCLUDE_IN_FRAMEWORK_HEADER = YES;
				CLANG_WARN_RANGE_LOOP_ANALYSIS = YES;
				CLANG_WARN_STRICT_PROTOTYPES = YES;
				CLANG_WARN_SUSPICIOUS_MOVE = YES;
				CLANG_WARN_UNGUARDED_AVAILABILITY = YES_AGGRESSIVE;
				CLANG_WARN_UNREACHABLE_CODE = YES;
				CLANG_WARN__DUPLICATE_METHOD_MATCH = YES;
				COPY_PHASE_STRIP = NO;
				DEBUG_INFORMATION_FORMAT = "dwarf-with-dsym";
				ENABLE_NS_ASSERTIONS = NO;
				ENABLE_STRICT_OBJC_MSGSEND = YES;
				GCC_C_LANGUAGE_STANDARD = gnu11;
				GCC_NO_COMMON_BLOCKS = YES;
				GCC_WARN_64_TO_32_BIT_CONVERSION = YES;
				GCC_WARN_ABOUT_RETURN_TYPE = YES_ERROR;
				GCC_WARN_UNDECLARED_SELECTOR = YES;
				GCC_WARN_UNINITIALIZED_AUTOS = YES_AGGRESSIVE;
				GCC_WARN_UNUSED_FUNCTION = YES;
				GCC_WARN_UNUSED_VARIABLE = YES;
				IPHONEOS_DEPLOYMENT_TARGET = 13.0;
				MTL_ENABLE_DEBUG_INFO = NO;
				MTL_FAST_MATH = YES;
				SDKROOT = iphoneos;
				SWIFT_COMPILATION_MODE = wholemodule;
				SWIFT_OPTIMIZATION_LEVEL = "-O";
				VALIDATE_PRODUCT = YES;
			};
			name = Release;
		};
		FDC494D5293F0896009ECAB4 /* Debug */ = {
			isa = XCBuildConfiguration;
			buildSettings = {
				ASSETCATALOG_COMPILER_APPICON_NAME = AppIcon;
				ASSETCATALOG_COMPILER_GLOBAL_ACCENT_COLOR_NAME = AccentColor;
				CODE_SIGN_STYLE = Automatic;
				CURRENT_PROJECT_VERSION = 1;
				DEVELOPMENT_TEAM = VXMM262X54;
				GENERATE_INFOPLIST_FILE = YES;
				INFOPLIST_FILE = "Effective Mobile test/Info.plist";
				INFOPLIST_KEY_UIApplicationSupportsIndirectInputEvents = YES;
				INFOPLIST_KEY_UILaunchStoryboardName = LaunchScreen;
				INFOPLIST_KEY_UISupportedInterfaceOrientations_iPad = "UIInterfaceOrientationPortrait UIInterfaceOrientationPortraitUpsideDown UIInterfaceOrientationLandscapeLeft UIInterfaceOrientationLandscapeRight";
				INFOPLIST_KEY_UISupportedInterfaceOrientations_iPhone = "UIInterfaceOrientationPortrait UIInterfaceOrientationLandscapeLeft UIInterfaceOrientationLandscapeRight";
				IPHONEOS_DEPLOYMENT_TARGET = 15.0;
				LD_RUNPATH_SEARCH_PATHS = (
					"$(inherited)",
					"@executable_path/Frameworks",
				);
				MARKETING_VERSION = 1.0;
				PRODUCT_BUNDLE_IDENTIFIER = "ru.mi1212.Effective-Mobile-test";
				PRODUCT_NAME = "$(TARGET_NAME)";
				SWIFT_EMIT_LOC_STRINGS = YES;
				SWIFT_VERSION = 5.0;
				TARGETED_DEVICE_FAMILY = "1,2";
			};
			name = Debug;
		};
		FDC494D6293F0896009ECAB4 /* Release */ = {
			isa = XCBuildConfiguration;
			buildSettings = {
				ASSETCATALOG_COMPILER_APPICON_NAME = AppIcon;
				ASSETCATALOG_COMPILER_GLOBAL_ACCENT_COLOR_NAME = AccentColor;
				CODE_SIGN_STYLE = Automatic;
				CURRENT_PROJECT_VERSION = 1;
				DEVELOPMENT_TEAM = VXMM262X54;
				GENERATE_INFOPLIST_FILE = YES;
				INFOPLIST_FILE = "Effective Mobile test/Info.plist";
				INFOPLIST_KEY_UIApplicationSupportsIndirectInputEvents = YES;
				INFOPLIST_KEY_UILaunchStoryboardName = LaunchScreen;
				INFOPLIST_KEY_UISupportedInterfaceOrientations_iPad = "UIInterfaceOrientationPortrait UIInterfaceOrientationPortraitUpsideDown UIInterfaceOrientationLandscapeLeft UIInterfaceOrientationLandscapeRight";
				INFOPLIST_KEY_UISupportedInterfaceOrientations_iPhone = "UIInterfaceOrientationPortrait UIInterfaceOrientationLandscapeLeft UIInterfaceOrientationLandscapeRight";
				IPHONEOS_DEPLOYMENT_TARGET = 15.0;
				LD_RUNPATH_SEARCH_PATHS = (
					"$(inherited)",
					"@executable_path/Frameworks",
				);
				MARKETING_VERSION = 1.0;
				PRODUCT_BUNDLE_IDENTIFIER = "ru.mi1212.Effective-Mobile-test";
				PRODUCT_NAME = "$(TARGET_NAME)";
				SWIFT_EMIT_LOC_STRINGS = YES;
				SWIFT_VERSION = 5.0;
				TARGETED_DEVICE_FAMILY = "1,2";
			};
			name = Release;
		};
/* End XCBuildConfiguration section */

/* Begin XCConfigurationList section */
		FDC494BB293F0895009ECAB4 /* Build configuration list for PBXProject "Effective Mobile test" */ = {
			isa = XCConfigurationList;
			buildConfigurations = (
				FDC494D2293F0896009ECAB4 /* Debug */,
				FDC494D3293F0896009ECAB4 /* Release */,
			);
			defaultConfigurationIsVisible = 0;
			defaultConfigurationName = Release;
		};
		FDC494D4293F0896009ECAB4 /* Build configuration list for PBXNativeTarget "Effective Mobile test" */ = {
			isa = XCConfigurationList;
			buildConfigurations = (
				FDC494D5293F0896009ECAB4 /* Debug */,
				FDC494D6293F0896009ECAB4 /* Release */,
			);
			defaultConfigurationIsVisible = 0;
			defaultConfigurationName = Release;
		};
/* End XCConfigurationList section */

/* Begin XCRemoteSwiftPackageReference section */
		FDC494D7293F0900009ECAB4 /* XCRemoteSwiftPackageReference "SDWebImage" */ = {
			isa = XCRemoteSwiftPackageReference;
			repositoryURL = "https://github.com/SDWebImage/SDWebImage.git";
			requirement = {
				branch = master;
				kind = branch;
			};
		};
		FDD82423293FAC5C00DBF4CB /* XCRemoteSwiftPackageReference "RxSwift" */ = {
			isa = XCRemoteSwiftPackageReference;
			repositoryURL = "https://github.com/ReactiveX/RxSwift.git";
			requirement = {
				kind = upToNextMajorVersion;
				minimumVersion = 6.0.0;
			};
		};
		FDD8242A293FAC7A00DBF4CB /* XCRemoteSwiftPackageReference "RxGesture" */ = {
			isa = XCRemoteSwiftPackageReference;
			repositoryURL = "https://github.com/RxSwiftCommunity/RxGesture.git";
			requirement = {
				branch = main;
				kind = branch;
			};
		};
		FDED9E2F293F0A48004DD07B /* XCRemoteSwiftPackageReference "SnapKit" */ = {
			isa = XCRemoteSwiftPackageReference;
			repositoryURL = "https://github.com/SnapKit/SnapKit.git";
			requirement = {
				kind = upToNextMajorVersion;
				minimumVersion = 5.0.0;
			};
		};
/* End XCRemoteSwiftPackageReference section */

/* Begin XCSwiftPackageProductDependency section */
		FDC494D8293F0900009ECAB4 /* SDWebImage */ = {
			isa = XCSwiftPackageProductDependency;
			package = FDC494D7293F0900009ECAB4 /* XCRemoteSwiftPackageReference "SDWebImage" */;
			productName = SDWebImage;
		};
		FDD82424293FAC5C00DBF4CB /* RxCocoa */ = {
			isa = XCSwiftPackageProductDependency;
			package = FDD82423293FAC5C00DBF4CB /* XCRemoteSwiftPackageReference "RxSwift" */;
			productName = RxCocoa;
		};
		FDD82426293FAC5C00DBF4CB /* RxRelay */ = {
			isa = XCSwiftPackageProductDependency;
			package = FDD82423293FAC5C00DBF4CB /* XCRemoteSwiftPackageReference "RxSwift" */;
			productName = RxRelay;
		};
		FDD82428293FAC5C00DBF4CB /* RxSwift */ = {
			isa = XCSwiftPackageProductDependency;
			package = FDD82423293FAC5C00DBF4CB /* XCRemoteSwiftPackageReference "RxSwift" */;
			productName = RxSwift;
		};
		FDD8242B293FAC7A00DBF4CB /* RxGesture */ = {
			isa = XCSwiftPackageProductDependency;
			package = FDD8242A293FAC7A00DBF4CB /* XCRemoteSwiftPackageReference "RxGesture" */;
			productName = RxGesture;
		};
		FDED9E30293F0A48004DD07B /* SnapKit */ = {
			isa = XCSwiftPackageProductDependency;
			package = FDED9E2F293F0A48004DD07B /* XCRemoteSwiftPackageReference "SnapKit" */;
			productName = SnapKit;
		};
/* End XCSwiftPackageProductDependency section */
	};
	rootObject = FDC494B8293F0895009ECAB4 /* Project object */;
}
